
Microsoft Visual Studio Solution File, Format Version 12.00
# Visual Studio Version 17
VisualStudioVersion = 17.3.32901.215
MinimumVisualStudioVersion = 10.0.40219.1
Project("{9A19103F-16F7-4668-BE54-9A1E7A4F7556}") = "ContactsAPI", "ContactsAPI\ContactsAPI.csproj", "{A81CA047-8135-4F27-8F00-D5DC4451528B}"
EndProject
Project("{FAE04EC0-301F-11D3-BF4B-00C04F79EFBC}") = "WebApiSQL", "WebApiSQL\WebApiSQL.csproj", "{88AB7F08-54E3-4E95-96B5-AE68FC3139D4}"
EndProject
Global
	GlobalSection(SolutionConfigurationPlatforms) = preSolution
		Debug|Any CPU = Debug|Any CPU
		Release|Any CPU = Release|Any CPU
	EndGlobalSection
	GlobalSection(ProjectConfigurationPlatforms) = postSolution
		{A81CA047-8135-4F27-8F00-D5DC4451528B}.Debug|Any CPU.ActiveCfg = Debug|Any CPU
		{A81CA047-8135-4F27-8F00-D5DC4451528B}.Debug|Any CPU.Build.0 = Debug|Any CPU
		{A81CA047-8135-4F27-8F00-D5DC4451528B}.Release|Any CPU.ActiveCfg = Release|Any CPU
		{A81CA047-8135-4F27-8F00-D5DC4451528B}.Release|Any CPU.Build.0 = Release|Any CPU
		{88AB7F08-54E3-4E95-96B5-AE68FC3139D4}.Debug|Any CPU.ActiveCfg = Debug|Any CPU
		{88AB7F08-54E3-4E95-96B5-AE68FC3139D4}.Debug|Any CPU.Build.0 = Debug|Any CPU
		{88AB7F08-54E3-4E95-96B5-AE68FC3139D4}.Release|Any CPU.ActiveCfg = Release|Any CPU
		{88AB7F08-54E3-4E95-96B5-AE68FC3139D4}.Release|Any CPU.Build.0 = Release|Any CPU
	EndGlobalSection
	GlobalSection(SolutionProperties) = preSolution
		HideSolutionNode = FALSE
	EndGlobalSection
	GlobalSection(ExtensibilityGlobals) = postSolution
		SolutionGuid = {08F7DEAD-D7F1-479D-8482-5DD294C37301}
	EndGlobalSection
EndGlobal
